
Microsoft Visual Studio Solution File, Format Version 12.00
# Visual Studio Version 16
VisualStudioVersion = 16.0.30804.86
MinimumVisualStudioVersion = 10.0.40219.1
Project("{8BC9CEB8-8B4A-11D0-8D11-00A0C91BC942}") = "oop5.2", "oop5.2\oop5.2.vcxproj", "{D95B24DA-538F-4777-83D1-09C302C5F40B}"
EndProject
Project("{8BC9CEB8-8B4A-11D0-8D11-00A0C91BC942}") = "UnitTest5_2", "UnitTest5_2\UnitTest5_2.vcxproj", "{6D8350E6-90DB-4D2E-A565-01FD75205604}"
EndProject
Global
	GlobalSection(SolutionConfigurationPlatforms) = preSolution
		Debug|x64 = Debug|x64
		Debug|x86 = Debug|x86
		Release|x64 = Release|x64
		Release|x86 = Release|x86
	EndGlobalSection
	GlobalSection(ProjectConfigurationPlatforms) = postSolution
		{D95B24DA-538F-4777-83D1-09C302C5F40B}.Debug|x64.ActiveCfg = Debug|x64
		{D95B24DA-538F-4777-83D1-09C302C5F40B}.Debug|x64.Build.0 = Debug|x64
		{D95B24DA-538F-4777-83D1-09C302C5F40B}.Debug|x86.ActiveCfg = Debug|Win32
		{D95B24DA-538F-4777-83D1-09C302C5F40B}.Debug|x86.Build.0 = Debug|Win32
		{D95B24DA-538F-4777-83D1-09C302C5F40B}.Release|x64.ActiveCfg = Release|x64
		{D95B24DA-538F-4777-83D1-09C302C5F40B}.Release|x64.Build.0 = Release|x64
		{D95B24DA-538F-4777-83D1-09C302C5F40B}.Release|x86.ActiveCfg = Release|Win32
		{D95B24DA-538F-4777-83D1-09C302C5F40B}.Release|x86.Build.0 = Release|Win32
		{6D8350E6-90DB-4D2E-A565-01FD75205604}.Debug|x64.ActiveCfg = Debug|x64
		{6D8350E6-90DB-4D2E-A565-01FD75205604}.Debug|x64.Build.0 = Debug|x64
		{6D8350E6-90DB-4D2E-A565-01FD75205604}.Debug|x86.ActiveCfg = Debug|Win32
		{6D8350E6-90DB-4D2E-A565-01FD75205604}.Debug|x86.Build.0 = Debug|Win32
		{6D8350E6-90DB-4D2E-A565-01FD75205604}.Release|x64.ActiveCfg = Release|x64
		{6D8350E6-90DB-4D2E-A565-01FD75205604}.Release|x64.Build.0 = Release|x64
		{6D8350E6-90DB-4D2E-A565-01FD75205604}.Release|x86.ActiveCfg = Release|Win32
		{6D8350E6-90DB-4D2E-A565-01FD75205604}.Release|x86.Build.0 = Release|Win32
	EndGlobalSection
	GlobalSection(SolutionProperties) = preSolution
		HideSolutionNode = FALSE
	EndGlobalSection
	GlobalSection(ExtensibilityGlobals) = postSolution
		SolutionGuid = {82144F58-794A-4244-BA2A-CF0EB219F10A}
	EndGlobalSection
EndGlobal
